// !$*UTF8*$!
{
	archiveVersion = 1;
	classes = {
	};
	objectVersion = 77;
	objects = {

/* Begin PBXContainerItemProxy section */
		15082FE32FA2586A00E0C9BB /* PBXContainerItemProxy */ = {
			isa = PBXContainerItemProxy;
			containerPortal = 15082FC12FA2586800E0C9BB /* Project object */;
			proxyType = 1;
			remoteGlobalIDString = 15082FC82FA2586800E0C9BB;
			remoteInfo = RunAndJump;
		};
		15082FED2FA2586A00E0C9BB /* PBXContainerItemProxy */ = {
			isa = PBXContainerItemProxy;
			containerPortal = 15082FC12FA2586800E0C9BB /* Project object */;
			proxyType = 1;
			remoteGlobalIDString = 15082FC82FA2586800E0C9BB;
			remoteInfo = RunAndJump;
		};
/* End PBXContainerItemProxy section */

/* Begin PBXFileReference section */
		15082FC92FA2586800E0C9BB /* RunAndJump.app */ = {isa = PBXFileReference; explicitFileType = wrapper.application; includeInIndex = 0; path = RunAndJump.app; sourceTree = BUILT_PRODUCTS_DIR; };
		15082FE22FA2586A00E0C9BB /* RunAndJumpTests.xctest */ = {isa = PBXFileReference; explicitFileType = wrapper.cfbundle; includeInIndex = 0; path = RunAndJumpTests.xctest; sourceTree = BUILT_PRODUCTS_DIR; };
		15082FEC2FA2586A00E0C9BB /* RunAndJumpUITests.xctest */ = {isa = PBXFileReference; explicitFileType = wrapper.cfbundle; includeInIndex = 0; path = RunAndJumpUITests.xctest; sourceTree = BUILT_PRODUCTS_DIR; };
/* End PBXFileReference section */

/* Begin PBXFileSystemSynchronizedBuildFileExceptionSet section */
		15082FF42FA2586A00E0C9BB /* Exceptions for "RunAndJump" folder in "RunAndJump" target */ = {
			isa = PBXFileSystemSynchronizedBuildFileExceptionSet;
			membershipExceptions = (
				Info.plist,
			);
			target = 15082FC82FA2586800E0C9BB /* RunAndJump */;
		};
/* End PBXFileSystemSynchronizedBuildFileExceptionSet section */

/* Begin PBXFileSystemSynchronizedRootGroup section */
		15082FCB2FA2586800E0C9BB /* RunAndJump */ = {
			isa = PBXFileSystemSynchronizedRootGroup;
			exceptions = (
				15082FF42FA2586A00E0C9BB /* Exceptions for "RunAndJump" folder in "RunAndJump" target */,
			);
			path = RunAndJump;
			sourceTree = "<group>";
		};
		15082FE52FA2586A00E0C9BB /* RunAndJumpTests */ = {
			isa = PBXFileSystemSynchronizedRootGroup;
			path = RunAndJumpTests;
			sourceTree = "<group>";
		};
		15082FEF2FA2586A00E0C9BB /* RunAndJumpUITests */ = {
			isa = PBXFileSystemSynchronizedRootGroup;
			path = RunAndJumpUITests;
			sourceTree = "<group>";
		};
/* End PBXFileSystemSynchronizedRootGroup section */

/* Begin PBXFrameworksBuildPhase section */
		15082FC62FA2586800E0C9BB /* Frameworks */ = {
			isa = PBXFrameworksBuildPhase;
			buildActionMask = 2147483647;
			files = (
			);
			runOnlyForDeploymentPostprocessing = 0;
		};
		15082FDF2FA2586A00E0C9BB /* Frameworks */ = {
			isa = PBXFrameworksBuildPhase;
			buildActionMask = 2147483647;
			files = (
			);
			runOnlyForDeploymentPostprocessing = 0;
		};
		15082FE92FA2586A00E0C9BB /* Frameworks */ = {
			isa = PBXFrameworksBuildPhase;
			buildActionMask = 2147483647;
			files = (
			);
			runOnlyForDeploymentPostprocessing = 0;
		};
/* End PBXFrameworksBuildPhase section */

/* Begin PBXGroup section */
		15082FC02FA2586800E0C9BB = {
			isa = PBXGroup;
			children = (
				15082FCB2FA2586800E0C9BB /* RunAndJump */,
				15082FE52FA2586A00E0C9BB /* RunAndJumpTests */,
				15082FEF2FA2586A00E0C9BB /* RunAndJumpUITests */,
				15082FCA2FA2586800E0C9BB /* Products */,
			);
			sourceTree = "<group>";
		};
		15082FCA2FA2586800E0C9BB /* Products */ = {
			isa = PBXGroup;
			children = (
				15082FC92FA2586800E0C9BB /* RunAndJump.app */,
				15082FE22FA2586A00E0C9BB /* RunAndJumpTests.xctest */,
				15082FEC2FA2586A00E0C9BB /* RunAndJumpUITests.xctest */,
			);
			name = Products;
			sourceTree = "<group>";
		};
/* End PBXGroup section */

/* Begin PBXNativeTarget section */
		15082FC82FA2586800E0C9BB /* RunAndJump */ = {
			isa = PBXNativeTarget;
			buildConfigurationList = 15082FF52FA2586A00E0C9BB /* Build configuration list for PBXNativeTarget "RunAndJump" */;
			buildPhases = (
				15082FC52FA2586800E0C9BB /* Sources */,
				15082FC62FA2586800E0C9BB /* Frameworks */,
				15082FC72FA2586800E0C9BB /* Resources */,
			);
			buildRules = (
			);
			dependencies = (
			);
			fileSystemSynchronizedGroups = (
				15082FCB2FA2586800E0C9BB /* RunAndJump */,
			);
			name = RunAndJump;
			packageProductDependencies = (
			);
			productName = RunAndJump;
			productReference = 15082FC92FA2586800E0C9BB /* RunAndJump.app */;
			productType = "com.apple.product-type.application";
		};
		15082FE12FA2586A00E0C9BB /* RunAndJumpTests */ = {
			isa = PBXNativeTarget;
			buildConfigurationList = 15082FFA2FA2586A00E0C9BB /* Build configuration list for PBXNativeTarget "RunAndJumpTests" */;
			buildPhases = (
				15082FDE2FA2586A00E0C9BB /* Sources */,
				15082FDF2FA2586A00E0C9BB /* Frameworks */,
				15082FE02FA2586A00E0C9BB /* Resources */,
			);
			buildRules = (
			);
			dependencies = (
				15082FE42FA2586A00E0C9BB /* PBXTargetDependency */,
			);
			fileSystemSynchronizedGroups = (
				15082FE52FA2586A00E0C9BB /* RunAndJumpTests */,
			);
			name = RunAndJumpTests;
			packageProductDependencies = (
			);
			productName = RunAndJumpTests;
			productReference = 15082FE22FA2586A00E0C9BB /* RunAndJumpTests.xctest */;
			productType = "com.apple.product-type.bundle.unit-test";
		};
		15082FEB2FA2586A00E0C9BB /* RunAndJumpUITests */ = {
			isa = PBXNativeTarget;
			buildConfigurationList = 15082FFD2FA2586A00E0C9BB /* Build configuration list for PBXNativeTarget "RunAndJumpUITests" */;
			buildPhases = (
				15082FE82FA2586A00E0C9BB /* Sources */,
				15082FE92FA2586A00E0C9BB /* Frameworks */,
				15082FEA2FA2586A00E0C9BB /* Resources */,
			);
			buildRules = (
			);
			dependencies = (
				15082FEE2FA2586A00E0C9BB /* PBXTargetDependency */,
			);
			fileSystemSynchronizedGroups = (
				15082FEF2FA2586A00E0C9BB /* RunAndJumpUITests */,
			);
			name = RunAndJumpUITests;
			packageProductDependencies = (
			);
			productName = RunAndJumpUITests;
			productReference = 15082FEC2FA2586A00E0C9BB /* RunAndJumpUITests.xctest */;
			productType = "com.apple.product-type.bundle.ui-testing";
		};
/* End PBXNativeTarget section */

/* Begin PBXProject section */
		15082FC12FA2586800E0C9BB /* Project object */ = {
			isa = PBXProject;
			attributes = {
				BuildIndependentTargetsInParallel = 1;
				LastSwiftUpdateCheck = 2640;
				LastUpgradeCheck = 2640;
				TargetAttributes = {
					15082FC82FA2586800E0C9BB = {
						CreatedOnToolsVersion = 26.4.1;
					};
					15082FE12FA2586A00E0C9BB = {
						CreatedOnToolsVersion = 26.4.1;
						TestTargetID = 15082FC82FA2586800E0C9BB;
					};
					15082FEB2FA2586A00E0C9BB = {
						CreatedOnToolsVersion = 26.4.1;
						TestTargetID = 15082FC82FA2586800E0C9BB;
					};
				};
			};
			buildConfigurationList = 15082FC42FA2586800E0C9BB /* Build configuration list for PBXProject "RunAndJump" */;
			developmentRegion = en;
			hasScannedForEncodings = 0;
			knownRegions = (
				en,
				Base,
			);
			mainGroup = 15082FC02FA2586800E0C9BB;
			minimizedProjectReferenceProxies = 1;
			preferredProjectObjectVersion = 77;
			productRefGroup = 15082FCA2FA2586800E0C9BB /* Products */;
			projectDirPath = "";
			projectRoot = "";
			targets = (
				15082FC82FA2586800E0C9BB /* RunAndJump */,
				15082FE12FA2586A00E0C9BB /* RunAndJumpTests */,
				15082FEB2FA2586A00E0C9BB /* RunAndJumpUITests */,
			);
		};
/* End PBXProject section */

/* Begin PBXResourcesBuildPhase section */
		15082FC72FA2586800E0C9BB /* Resources */ = {
			isa = PBXResourcesBuildPhase;
			buildActionMask = 2147483647;
			files = (
			);
			runOnlyForDeploymentPostprocessing = 0;
		};
		15082FE02FA2586A00E0C9BB /* Resources */ = {
			isa = PBXResourcesBuildPhase;
			buildActionMask = 2147483647;
			files = (
			);
			runOnlyForDeploymentPostprocessing = 0;
		};
		15082FEA2FA2586A00E0C9BB /* Resources */ = {
			isa = PBXResourcesBuildPhase;
			buildActionMask = 2147483647;
			files = (
			);
			runOnlyForDeploymentPostprocessing = 0;
		};
/* End PBXResourcesBuildPhase section */

/* Begin PBXSourcesBuildPhase section */
		15082FC52FA2586800E0C9BB /* Sources */ = {
			isa = PBXSourcesBuildPhase;
			buildActionMask = 2147483647;
			files = (
			);
			runOnlyForDeploymentPostprocessing = 0;
		};
		15082FDE2FA2586A00E0C9BB /* Sources */ = {
			isa = PBXSourcesBuildPhase;
			buildActionMask = 2147483647;
			files = (
			);
			runOnlyForDeploymentPostprocessing = 0;
		};
		15082FE82FA2586A00E0C9BB /* Sources */ = {
			isa = PBXSourcesBuildPhase;
			buildActionMask = 2147483647;
			files = (
			);
			runOnlyForDeploymentPostprocessing = 0;
		};
/* End PBXSourcesBuildPhase section */

/* Begin PBXTargetDependency section */
		15082FE42FA2586A00E0C9BB /* PBXTargetDependency */ = {
			isa = PBXTargetDependency;
			target = 15082FC82FA2586800E0C9BB /* RunAndJump */;
			targetProxy = 15082FE32FA2586A00E0C9BB /* PBXContainerItemProxy */;
		};
		15082FEE2FA2586A00E0C9BB /* PBXTargetDependency */ = {
			isa = PBXTargetDependency;
			target = 15082FC82FA2586800E0C9BB /* RunAndJump */;
			targetProxy = 15082FED2FA2586A00E0C9BB /* PBXContainerItemProxy */;
		};
/* End PBXTargetDependency section */

/* Begin XCBuildConfiguration section */
		15082FF62FA2586A00E0C9BB /* Debug */ = {
			isa = XCBuildConfiguration;
			buildSettings = {
				ASSETCATALOG_COMPILER_APPICON_NAME = AppIcon;
				ASSETCATALOG_COMPILER_GLOBAL_ACCENT_COLOR_NAME = AccentColor;
				CODE_SIGN_STYLE = Automatic;
				CURRENT_PROJECT_VERSION = 1;
				DEVELOPMENT_TEAM = 5FR24HPWD7;
				GENERATE_INFOPLIST_FILE = YES;
				INFOPLIST_FILE = RunAndJump/Info.plist;
				INFOPLIST_KEY_UIApplicationSupportsIndirectInputEvents = YES;
				INFOPLIST_KEY_UIStatusBarHidden = YES;
				INFOPLIST_KEY_UISupportedInterfaceOrientations = "UIInterfaceOrientationLandscapeLeft UIInterfaceOrientationLandscapeRight";
				LD_RUNPATH_SEARCH_PATHS = (
					"$(inherited)",
					"@executable_path/Frameworks",
				);
				MARKETING_VERSION = 1.0;
				PRODUCT_BUNDLE_IDENTIFIER = com.romanpospelov.RunAndJump;
				PRODUCT_NAME = "$(TARGET_NAME)";
				STRING_CATALOG_GENERATE_SYMBOLS = YES;
				SUPPORTED_PLATFORMS = "iphoneos iphonesimulator";
				SUPPORTS_MACCATALYST = NO;
				SUPPORTS_MAC_DESIGNED_FOR_IPHONE_IPAD = NO;
				SUPPORTS_XR_DESIGNED_FOR_IPHONE_IPAD = NO;
				SWIFT_APPROACHABLE_CONCURRENCY = YES;
				SWIFT_DEFAULT_ACTOR_ISOLATION = nonisolated;
				SWIFT_EMIT_LOC_STRINGS = YES;
				SWIFT_UPCOMING_FEATURE_MEMBER_IMPORT_VISIBILITY = YES;
				SWIFT_VERSION = 6.0;
				TARGETED_DEVICE_FAMILY = "1,2";
			};
			name = Debug;
		};
		15082FF72FA2586A00E0C9BB /* Release */ = {
			isa = XCBuildConfiguration;
			buildSettings = {
				ASSETCATALOG_COMPILER_APPICON_NAME = AppIcon;
				ASSETCATALOG_COMPILER_GLOBAL_ACCENT_COLOR_NAME = AccentColor;
				CODE_SIGN_STYLE = Automatic;
				CURRENT_PROJECT_VERSION = 1;
				DEVELOPMENT_TEAM = 5FR24HPWD7;
				GENERATE_INFOPLIST_FILE = YES;
				INFOPLIST_FILE = RunAndJump/Info.plist;
				INFOPLIST_KEY_UIApplicationSupportsIndirectInputEvents = YES;
				INFOPLIST_KEY_UIStatusBarHidden = YES;
				INFOPLIST_KEY_UISupportedInterfaceOrientations = "UIInterfaceOrientationLandscapeLeft UIInterfaceOrientationLandscapeRight";
				LD_RUNPATH_SEARCH_PATHS = (
					"$(inherited)",
					"@executable_path/Frameworks",
				);
				MARKETING_VERSION = 1.0;
				PRODUCT_BUNDLE_IDENTIFIER = com.romanpospelov.RunAndJump;
				PRODUCT_NAME = "$(TARGET_NAME)";
				STRING_CATALOG_GENERATE_SYMBOLS = YES;
				SUPPORTED_PLATFORMS = "iphoneos iphonesimulator";
				SUPPORTS_MACCATALYST = NO;
				SUPPORTS_MAC_DESIGNED_FOR_IPHONE_IPAD = NO;
				SUPPORTS_XR_DESIGNED_FOR_IPHONE_IPAD = NO;
				SWIFT_APPROACHABLE_CONCURRENCY = YES;
				SWIFT_DEFAULT_ACTOR_ISOLATION = nonisolated;
				SWIFT_EMIT_LOC_STRINGS = YES;
				SWIFT_UPCOMING_FEATURE_MEMBER_IMPORT_VISIBILITY = YES;
				SWIFT_VERSION = 6.0;
				TARGETED_DEVICE_FAMILY = "1,2";
			};
			name = Release;
		};
		15082FF82FA2586A00E0C9BB /* Debug */ = {
			isa = XCBuildConfiguration;
			buildSettings = {
				ALWAYS_SEARCH_USER_PATHS = NO;
				ASSETCATALOG_COMPILER_GENERATE_SWIFT_ASSET_SYMBOL_EXTENSIONS = YES;
				CLANG_ANALYZER_NONNULL = YES;
				CLANG_ANALYZER_NUMBER_OBJECT_CONVERSION = YES_AGGRESSIVE;
				CLANG_CXX_LANGUAGE_STANDARD = "gnu++20";
				CLANG_ENABLE_MODULES = YES;
				CLANG_ENABLE_OBJC_ARC = YES;
				CLANG_ENABLE_OBJC_WEAK = YES;
				CLANG_WARN_BLOCK_CAPTURE_AUTORELEASING = YES;
				CLANG_WARN_BOOL_CONVERSION = YES;
				CLANG_WARN_COMMA = YES;
				CLANG_WARN_CONSTANT_CONVERSION = YES;
				CLANG_WARN_DEPRECATED_OBJC_IMPLEMENTATIONS = YES;
				CLANG_WARN_DIRECT_OBJC_ISA_USAGE = YES_ERROR;
				CLANG_WARN_DOCUMENTATION_COMMENTS = YES;
				CLANG_WARN_EMPTY_BODY = YES;
				CLANG_WARN_ENUM_CONVERSION = YES;
				CLANG_WARN_INFINITE_RECURSION = YES;
				CLANG_WARN_INT_CONVERSION = YES;
				CLANG_WARN_NON_LITERAL_NULL_CONVERSION = YES;
				CLANG_WARN_OBJC_IMPLICIT_RETAIN_SELF = YES;
				CLANG_WARN_OBJC_LITERAL_CONVERSION = YES;
				CLANG_WARN_OBJC_ROOT_CLASS = YES_ERROR;
				CLANG_WARN_QUOTED_INCLUDE_IN_FRAMEWORK_HEADER = YES;
				CLANG_WARN_RANGE_LOOP_ANALYSIS = YES;
				CLANG_WARN_STRICT_PROTOTYPES = YES;
				CLANG_WARN_SUSPICIOUS_MOVE = YES;
				CLANG_WARN_UNGUARDED_AVAILABILITY = YES_AGGRESSIVE;
				CLANG_WARN_UNREACHABLE_CODE = YES;
				CLANG_WARN__DUPLICATE_METHOD_MATCH = YES;
				COPY_PHASE_STRIP = NO;
				DEBUG_INFORMATION_FORMAT = dwarf;
				DEVELOPMENT_TEAM = 5FR24HPWD7;
				ENABLE_STRICT_OBJC_MSGSEND = YES;
				ENABLE_TESTABILITY = YES;
				ENABLE_USER_SCRIPT_SANDBOXING = YES;
				GCC_C_LANGUAGE_STANDARD = gnu17;
				GCC_DYNAMIC_NO_PIC = NO;
				GCC_NO_COMMON_BLOCKS = YES;
				GCC_OPTIMIZATION_LEVEL = 0;
				GCC_PREPROCESSOR_DEFINITIONS = (
					"DEBUG=1",
					"$(inherited)",
				);
				GCC_WARN_64_TO_32_BIT_CONVERSION = YES;
				GCC_WARN_ABOUT_RETURN_TYPE = YES_ERROR;
				GCC_WARN_UNDECLARED_SELECTOR = YES;
				GCC_WARN_UNINITIALIZED_AUTOS = YES_AGGRESSIVE;
				GCC_WARN_UNUSED_FUNCTION = YES;
				GCC_WARN_UNUSED_VARIABLE = YES;
				IPHONEOS_DEPLOYMENT_TARGET = 26.4;
				LOCALIZATION_PREFERS_STRING_CATALOGS = YES;
				MTL_ENABLE_DEBUG_INFO = INCLUDE_SOURCE;
				MTL_FAST_MATH = YES;
				ONLY_ACTIVE_ARCH = YES;
				SDKROOT = iphoneos;
				SWIFT_ACTIVE_COMPILATION_CONDITIONS = "DEBUG $(inherited)";
				SWIFT_OPTIMIZATION_LEVEL = "-Onone";
			};
			name = Debug;
		};
		15082FF92FA2586A00E0C9BB /* Release */ = {
			isa = XCBuildConfiguration;
			buildSettings = {
				ALWAYS_SEARCH_USER_PATHS = NO;
				ASSETCATALOG_COMPILER_GENERATE_SWIFT_ASSET_SYMBOL_EXTENSIONS = YES;
				CLANG_ANALYZER_NONNULL = YES;
				CLANG_ANALYZER_NUMBER_OBJECT_CONVERSION = YES_AGGRESSIVE;
				CLANG_CXX_LANGUAGE_STANDARD = "gnu++20";
				CLANG_ENABLE_MODULES = YES;
				CLANG_ENABLE_OBJC_ARC = YES;
				CLANG_ENABLE_OBJC_WEAK = YES;
				CLANG_WARN_BLOCK_CAPTURE_AUTORELEASING = YES;
				CLANG_WARN_BOOL_CONVERSION = YES;
				CLANG_WARN_COMMA = YES;
				CLANG_WARN_CONSTANT_CONVERSION = YES;
				CLANG_WARN_DEPRECATED_OBJC_IMPLEMENTATIONS = YES;
				CLANG_WARN_DIRECT_OBJC_ISA_USAGE = YES_ERROR;
				CLANG_WARN_DOCUMENTATION_COMMENTS = YES;
				CLANG_WARN_EMPTY_BODY = YES;
				CLANG_WARN_ENUM_CONVERSION = YES;
				CLANG_WARN_INFINITE_RECURSION = YES;
				CLANG_WARN_INT_CONVERSION = YES;
				CLANG_WARN_NON_LITERAL_NULL_CONVERSION = YES;
				CLANG_WARN_OBJC_IMPLICIT_RETAIN_SELF = YES;
				CLANG_WARN_OBJC_LITERAL_CONVERSION = YES;
				CLANG_WARN_OBJC_ROOT_CLASS = YES_ERROR;
				CLANG_WARN_QUOTED_INCLUDE_IN_FRAMEWORK_HEADER = YES;
				CLANG_WARN_RANGE_LOOP_ANALYSIS = YES;
				CLANG_WARN_STRICT_PROTOTYPES = YES;
				CLANG_WARN_SUSPICIOUS_MOVE = YES;
				CLANG_WARN_UNGUARDED_AVAILABILITY = YES_AGGRESSIVE;
				CLANG_WARN_UNREACHABLE_CODE = YES;
				CLANG_WARN__DUPLICATE_METHOD_MATCH = YES;
				COPY_PHASE_STRIP = NO;
				DEBUG_INFORMATION_FORMAT = "dwarf-with-dsym";
				DEVELOPMENT_TEAM = 5FR24HPWD7;
				ENABLE_NS_ASSERTIONS = NO;
				ENABLE_STRICT_OBJC_MSGSEND = YES;
				ENABLE_USER_SCRIPT_SANDBOXING = YES;
				GCC_C_LANGUAGE_STANDARD = gnu17;
				GCC_NO_COMMON_BLOCKS = YES;
				GCC_WARN_64_TO_32_BIT_CONVERSION = YES;
				GCC_WARN_ABOUT_RETURN_TYPE = YES_ERROR;
				GCC_WARN_UNDECLARED_SELECTOR = YES;
				GCC_WARN_UNINITIALIZED_AUTOS = YES_AGGRESSIVE;
				GCC_WARN_UNUSED_FUNCTION = YES;
				GCC_WARN_UNUSED_VARIABLE = YES;
				IPHONEOS_DEPLOYMENT_TARGET = 26.4;
				LOCALIZATION_PREFERS_STRING_CATALOGS = YES;
				MTL_ENABLE_DEBUG_INFO = NO;
				MTL_FAST_MATH = YES;
				SDKROOT = iphoneos;
				SWIFT_COMPILATION_MODE = wholemodule;
				VALIDATE_PRODUCT = YES;
			};
			name = Release;
		};
		15082FFB2FA2586A00E0C9BB /* Debug */ = {
			isa = XCBuildConfiguration;
			buildSettings = {
				BUNDLE_LOADER = "$(TEST_HOST)";
				CODE_SIGN_STYLE = Automatic;
				CURRENT_PROJECT_VERSION = 1;
				DEVELOPMENT_TEAM = 5FR24HPWD7;
				GENERATE_INFOPLIST_FILE = YES;
				IPHONEOS_DEPLOYMENT_TARGET = 26.4;
				MARKETING_VERSION = 1.0;
				PRODUCT_BUNDLE_IDENTIFIER = com.romanpospelov.RunAndJumpTests;
				PRODUCT_NAME = "$(TARGET_NAME)";
				STRING_CATALOG_GENERATE_SYMBOLS = NO;
				SWIFT_APPROACHABLE_CONCURRENCY = YES;
				SWIFT_EMIT_LOC_STRINGS = NO;
				SWIFT_UPCOMING_FEATURE_MEMBER_IMPORT_VISIBILITY = YES;
				SWIFT_VERSION = 5.0;
				TARGETED_DEVICE_FAMILY = "1,2";
				TEST_HOST = "$(BUILT_PRODUCTS_DIR)/RunAndJump.app/$(BUNDLE_EXECUTABLE_FOLDER_PATH)/RunAndJump";
			};
			name = Debug;
		};
		15082FFC2FA2586A00E0C9BB /* Release */ = {
			isa = XCBuildConfiguration;
			buildSettings = {
				BUNDLE_LOADER = "$(TEST_HOST)";
				CODE_SIGN_STYLE = Automatic;
				CURRENT_PROJECT_VERSION = 1;
				DEVELOPMENT_TEAM = 5FR24HPWD7;
				GENERATE_INFOPLIST_FILE = YES;
				IPHONEOS_DEPLOYMENT_TARGET = 26.4;
				MARKETING_VERSION = 1.0;
				PRODUCT_BUNDLE_IDENTIFIER = com.romanpospelov.RunAndJumpTests;
				PRODUCT_NAME = "$(TARGET_NAME)";
				STRING_CATALOG_GENERATE_SYMBOLS = NO;
				SWIFT_APPROACHABLE_CONCURRENCY = YES;
				SWIFT_EMIT_LOC_STRINGS = NO;
				SWIFT_UPCOMING_FEATURE_MEMBER_IMPORT_VISIBILITY = YES;
				SWIFT_VERSION = 5.0;
				TARGETED_DEVICE_FAMILY = "1,2";
				TEST_HOST = "$(BUILT_PRODUCTS_DIR)/RunAndJump.app/$(BUNDLE_EXECUTABLE_FOLDER_PATH)/RunAndJump";
			};
			name = Release;
		};
		15082FFE2FA2586A00E0C9BB /* Debug */ = {
			isa = XCBuildConfiguration;
			buildSettings = {
				CODE_SIGN_STYLE = Automatic;
				CURRENT_PROJECT_VERSION = 1;
				DEVELOPMENT_TEAM = 5FR24HPWD7;
				GENERATE_INFOPLIST_FILE = YES;
				MARKETING_VERSION = 1.0;
				PRODUCT_BUNDLE_IDENTIFIER = com.romanpospelov.RunAndJumpUITests;
				PRODUCT_NAME = "$(TARGET_NAME)";
				STRING_CATALOG_GENERATE_SYMBOLS = NO;
				SWIFT_APPROACHABLE_CONCURRENCY = YES;
				SWIFT_EMIT_LOC_STRINGS = NO;
				SWIFT_UPCOMING_FEATURE_MEMBER_IMPORT_VISIBILITY = YES;
				SWIFT_VERSION = 5.0;
				TARGETED_DEVICE_FAMILY = "1,2";
				TEST_TARGET_NAME = RunAndJump;
			};
			name = Debug;
		};
		15082FFF2FA2586A00E0C9BB /* Release */ = {
			isa = XCBuildConfiguration;
			buildSettings = {
				CODE_SIGN_STYLE = Automatic;
				CURRENT_PROJECT_VERSION = 1;
				DEVELOPMENT_TEAM = 5FR24HPWD7;
				GENERATE_INFOPLIST_FILE = YES;
				MARKETING_VERSION = 1.0;
				PRODUCT_BUNDLE_IDENTIFIER = com.romanpospelov.RunAndJumpUITests;
				PRODUCT_NAME = "$(TARGET_NAME)";
				STRING_CATALOG_GENERATE_SYMBOLS = NO;
				SWIFT_APPROACHABLE_CONCURRENCY = YES;
				SWIFT_EMIT_LOC_STRINGS = NO;
				SWIFT_UPCOMING_FEATURE_MEMBER_IMPORT_VISIBILITY = YES;
				SWIFT_VERSION = 5.0;
				TARGETED_DEVICE_FAMILY = "1,2";
				TEST_TARGET_NAME = RunAndJump;
			};
			name = Release;
		};
/* End XCBuildConfiguration section */

/* Begin XCConfigurationList section */
		15082FC42FA2586800E0C9BB /* Build configuration list for PBXProject "RunAndJump" */ = {
			isa = XCConfigurationList;
			buildConfigurations = (
				15082FF82FA2586A00E0C9BB /* Debug */,
				15082FF92FA2586A00E0C9BB /* Release */,
			);
			defaultConfigurationIsVisible = 0;
			defaultConfigurationName = Release;
		};
		15082FF52FA2586A00E0C9BB /* Build configuration list for PBXNativeTarget "RunAndJump" */ = {
			isa = XCConfigurationList;
			buildConfigurations = (
				15082FF62FA2586A00E0C9BB /* Debug */,
				15082FF72FA2586A00E0C9BB /* Release */,
			);
			defaultConfigurationIsVisible = 0;
			defaultConfigurationName = Release;
		};
		15082FFA2FA2586A00E0C9BB /* Build configuration list for PBXNativeTarget "RunAndJumpTests" */ = {
			isa = XCConfigurationList;
			buildConfigurations = (
				15082FFB2FA2586A00E0C9BB /* Debug */,
				15082FFC2FA2586A00E0C9BB /* Release */,
			);
			defaultConfigurationIsVisible = 0;
			defaultConfigurationName = Release;
		};
		15082FFD2FA2586A00E0C9BB /* Build configuration list for PBXNativeTarget "RunAndJumpUITests" */ = {
			isa = XCConfigurationList;
			buildConfigurations = (
				15082FFE2FA2586A00E0C9BB /* Debug */,
				15082FFF2FA2586A00E0C9BB /* Release */,
			);
			defaultConfigurationIsVisible = 0;
			defaultConfigurationName = Release;
		};
/* End XCConfigurationList section */
	};
	rootObject = 15082FC12FA2586800E0C9BB /* Project object */;
}
